
Microsoft Visual Studio Solution File, Format Version 12.00
# Visual Studio Version 16
VisualStudioVersion = 16.0.30717.126
MinimumVisualStudioVersion = 10.0.40219.1
Project("{FAE04EC0-301F-11D3-BF4B-00C04F79EFBC}") = "Sathi-mart", "Sathi-mart\Sathi-mart.csproj", "{0F4A2A52-2C95-4396-ACD5-D2E19EDD5A77}"
EndProject
Global
	GlobalSection(SolutionConfigurationPlatforms) = preSolution
		Debug|Any CPU = Debug|Any CPU
		Release|Any CPU = Release|Any CPU
	EndGlobalSection
	GlobalSection(ProjectConfigurationPlatforms) = postSolution
		{0F4A2A52-2C95-4396-ACD5-D2E19EDD5A77}.Debug|Any CPU.ActiveCfg = Debug|Any CPU
		{0F4A2A52-2C95-4396-ACD5-D2E19EDD5A77}.Debug|Any CPU.Build.0 = Debug|Any CPU
		{0F4A2A52-2C95-4396-ACD5-D2E19EDD5A77}.Release|Any CPU.ActiveCfg = Release|Any CPU
		{0F4A2A52-2C95-4396-ACD5-D2E19EDD5A77}.Release|Any CPU.Build.0 = Release|Any CPU
	EndGlobalSection
	GlobalSection(SolutionProperties) = preSolution
		HideSolutionNode = FALSE
	EndGlobalSection
	GlobalSection(ExtensibilityGlobals) = postSolution
		SolutionGuid = {B2BD9B90-7B0F-40B5-8061-459E3850E1D7}
	EndGlobalSection
EndGlobal
