
Microsoft Visual Studio Solution File, Format Version 12.00
# Visual Studio Version 16
VisualStudioVersion = 16.0.31019.35
MinimumVisualStudioVersion = 10.0.40219.1
Project("{FAE04EC0-301F-11D3-BF4B-00C04F79EFBC}") = "WebApplication3", "WebApplication3\WebApplication3.csproj", "{42CC3C47-F106-4365-958C-D5405EC49A2B}"
EndProject
Global
	GlobalSection(SolutionConfigurationPlatforms) = preSolution
		Debug|Any CPU = Debug|Any CPU
		Release|Any CPU = Release|Any CPU
	EndGlobalSection
	GlobalSection(ProjectConfigurationPlatforms) = postSolution
		{42CC3C47-F106-4365-958C-D5405EC49A2B}.Debug|Any CPU.ActiveCfg = Debug|Any CPU
		{42CC3C47-F106-4365-958C-D5405EC49A2B}.Debug|Any CPU.Build.0 = Debug|Any CPU
		{42CC3C47-F106-4365-958C-D5405EC49A2B}.Release|Any CPU.ActiveCfg = Release|Any CPU
		{42CC3C47-F106-4365-958C-D5405EC49A2B}.Release|Any CPU.Build.0 = Release|Any CPU
	EndGlobalSection
	GlobalSection(SolutionProperties) = preSolution
		HideSolutionNode = FALSE
	EndGlobalSection
	GlobalSection(ExtensibilityGlobals) = postSolution
		SolutionGuid = {6482C413-C908-413D-AED8-01090EA980D8}
	EndGlobalSection
EndGlobal
